
Microsoft Visual Studio Solution File, Format Version 11.00
# Visual Studio 2010
Project("{FAE04EC0-301F-11D3-BF4B-00C04F79EFBC}") = "NDbUnitDataEditor", "NDbUnitDataEditor\NDbUnitDataEditor.csproj", "{F9BD70F8-E218-49A8-9005-6032F2BEF124}"
EndProject
Project("{FAE04EC0-301F-11D3-BF4B-00C04F79EFBC}") = "Tests", "Tests\Tests.csproj", "{B25A759F-87FF-4925-B254-FBF64C81AB9F}"
EndProject
Project("{FAE04EC0-301F-11D3-BF4B-00C04F79EFBC}") = "UserSettings", "UserSettings\UserSettings.csproj", "{752B3247-A20D-4CFF-B8A5-AFA8D791F0AC}"
EndProject
Project("{FAE04EC0-301F-11D3-BF4B-00C04F79EFBC}") = "UserSettingsTest", "UserSettingsTest\UserSettingsTest.csproj", "{C87903A4-7953-4B07-B76E-1DED91779D56}"
EndProject
Project("{FAE04EC0-301F-11D3-BF4B-00C04F79EFBC}") = "NDbUnitDataEditor.Abstractions", "NDbUnitDataEditor.Abstractions\NDbUnitDataEditor.Abstractions.csproj", "{2D2908FB-1BF3-4133-930C-2C527A8985D2}"
EndProject
Project("{FAE04EC0-301F-11D3-BF4B-00C04F79EFBC}") = "NDbUnitDataEditor.ZeusSchemaBuilder", "NDbUnitDataEditor.ZeusSchemaBuilder\NDbUnitDataEditor.ZeusSchemaBuilder.csproj", "{B33204CE-F6F7-4874-8E7E-57CF2C5D5BA5}"
EndProject
Project("{FAE04EC0-301F-11D3-BF4B-00C04F79EFBC}") = "NDbUnitDataEditor.ZeusSchemaBuilder.Tests", "NDbUnitDataEditor.ZeusSchemaBuilder.Tests\NDbUnitDataEditor.ZeusSchemaBuilder.Tests.csproj", "{A552E441-417F-474F-B9A5-DA5D984C23B5}"
EndProject
Global
	GlobalSection(SolutionConfigurationPlatforms) = preSolution
		Debug|Any CPU = Debug|Any CPU
		Debug|x86 = Debug|x86
		Release|Any CPU = Release|Any CPU
		Release|x86 = Release|x86
	EndGlobalSection
	GlobalSection(ProjectConfigurationPlatforms) = postSolution
		{F9BD70F8-E218-49A8-9005-6032F2BEF124}.Debug|Any CPU.ActiveCfg = Debug|Any CPU
		{F9BD70F8-E218-49A8-9005-6032F2BEF124}.Debug|Any CPU.Build.0 = Debug|Any CPU
		{F9BD70F8-E218-49A8-9005-6032F2BEF124}.Debug|x86.ActiveCfg = Debug|x86
		{F9BD70F8-E218-49A8-9005-6032F2BEF124}.Debug|x86.Build.0 = Debug|x86
		{F9BD70F8-E218-49A8-9005-6032F2BEF124}.Release|Any CPU.ActiveCfg = Release|Any CPU
		{F9BD70F8-E218-49A8-9005-6032F2BEF124}.Release|Any CPU.Build.0 = Release|Any CPU
		{F9BD70F8-E218-49A8-9005-6032F2BEF124}.Release|x86.ActiveCfg = Release|x86
		{F9BD70F8-E218-49A8-9005-6032F2BEF124}.Release|x86.Build.0 = Release|x86
		{B25A759F-87FF-4925-B254-FBF64C81AB9F}.Debug|Any CPU.ActiveCfg = Debug|Any CPU
		{B25A759F-87FF-4925-B254-FBF64C81AB9F}.Debug|Any CPU.Build.0 = Debug|Any CPU
		{B25A759F-87FF-4925-B254-FBF64C81AB9F}.Debug|x86.ActiveCfg = Debug|x86
		{B25A759F-87FF-4925-B254-FBF64C81AB9F}.Debug|x86.Build.0 = Debug|x86
		{B25A759F-87FF-4925-B254-FBF64C81AB9F}.Release|Any CPU.ActiveCfg = Release|Any CPU
		{B25A759F-87FF-4925-B254-FBF64C81AB9F}.Release|Any CPU.Build.0 = Release|Any CPU
		{B25A759F-87FF-4925-B254-FBF64C81AB9F}.Release|x86.ActiveCfg = Release|Any CPU
		{752B3247-A20D-4CFF-B8A5-AFA8D791F0AC}.Debug|Any CPU.ActiveCfg = Debug|Any CPU
		{752B3247-A20D-4CFF-B8A5-AFA8D791F0AC}.Debug|Any CPU.Build.0 = Debug|Any CPU
		{752B3247-A20D-4CFF-B8A5-AFA8D791F0AC}.Debug|x86.ActiveCfg = Debug|x86
		{752B3247-A20D-4CFF-B8A5-AFA8D791F0AC}.Debug|x86.Build.0 = Debug|x86
		{752B3247-A20D-4CFF-B8A5-AFA8D791F0AC}.Release|Any CPU.ActiveCfg = Release|Any CPU
		{752B3247-A20D-4CFF-B8A5-AFA8D791F0AC}.Release|Any CPU.Build.0 = Release|Any CPU
		{752B3247-A20D-4CFF-B8A5-AFA8D791F0AC}.Release|x86.ActiveCfg = Release|Any CPU
		{C87903A4-7953-4B07-B76E-1DED91779D56}.Debug|Any CPU.ActiveCfg = Debug|Any CPU
		{C87903A4-7953-4B07-B76E-1DED91779D56}.Debug|Any CPU.Build.0 = Debug|Any CPU
		{C87903A4-7953-4B07-B76E-1DED91779D56}.Debug|x86.ActiveCfg = Debug|x86
		{C87903A4-7953-4B07-B76E-1DED91779D56}.Debug|x86.Build.0 = Debug|x86
		{C87903A4-7953-4B07-B76E-1DED91779D56}.Release|Any CPU.ActiveCfg = Release|Any CPU
		{C87903A4-7953-4B07-B76E-1DED91779D56}.Release|Any CPU.Build.0 = Release|Any CPU
		{C87903A4-7953-4B07-B76E-1DED91779D56}.Release|x86.ActiveCfg = Release|Any CPU
		{2D2908FB-1BF3-4133-930C-2C527A8985D2}.Debug|Any CPU.ActiveCfg = Debug|Any CPU
		{2D2908FB-1BF3-4133-930C-2C527A8985D2}.Debug|Any CPU.Build.0 = Debug|Any CPU
		{2D2908FB-1BF3-4133-930C-2C527A8985D2}.Debug|x86.ActiveCfg = Debug|x86
		{2D2908FB-1BF3-4133-930C-2C527A8985D2}.Debug|x86.Build.0 = Debug|x86
		{2D2908FB-1BF3-4133-930C-2C527A8985D2}.Release|Any CPU.ActiveCfg = Release|Any CPU
		{2D2908FB-1BF3-4133-930C-2C527A8985D2}.Release|Any CPU.Build.0 = Release|Any CPU
		{2D2908FB-1BF3-4133-930C-2C527A8985D2}.Release|x86.ActiveCfg = Release|Any CPU
		{B33204CE-F6F7-4874-8E7E-57CF2C5D5BA5}.Debug|Any CPU.ActiveCfg = Debug|Any CPU
		{B33204CE-F6F7-4874-8E7E-57CF2C5D5BA5}.Debug|Any CPU.Build.0 = Debug|Any CPU
		{B33204CE-F6F7-4874-8E7E-57CF2C5D5BA5}.Debug|x86.ActiveCfg = Debug|x86
		{B33204CE-F6F7-4874-8E7E-57CF2C5D5BA5}.Debug|x86.Build.0 = Debug|x86
		{B33204CE-F6F7-4874-8E7E-57CF2C5D5BA5}.Release|Any CPU.ActiveCfg = Release|Any CPU
		{B33204CE-F6F7-4874-8E7E-57CF2C5D5BA5}.Release|Any CPU.Build.0 = Release|Any CPU
		{B33204CE-F6F7-4874-8E7E-57CF2C5D5BA5}.Release|x86.ActiveCfg = Release|Any CPU
		{A552E441-417F-474F-B9A5-DA5D984C23B5}.Debug|Any CPU.ActiveCfg = Debug|Any CPU
		{A552E441-417F-474F-B9A5-DA5D984C23B5}.Debug|Any CPU.Build.0 = Debug|Any CPU
		{A552E441-417F-474F-B9A5-DA5D984C23B5}.Debug|x86.ActiveCfg = Debug|x86
		{A552E441-417F-474F-B9A5-DA5D984C23B5}.Debug|x86.Build.0 = Debug|x86
		{A552E441-417F-474F-B9A5-DA5D984C23B5}.Release|Any CPU.ActiveCfg = Release|Any CPU
		{A552E441-417F-474F-B9A5-DA5D984C23B5}.Release|Any CPU.Build.0 = Release|Any CPU
		{A552E441-417F-474F-B9A5-DA5D984C23B5}.Release|x86.ActiveCfg = Release|Any CPU
	EndGlobalSection
	GlobalSection(SolutionProperties) = preSolution
		HideSolutionNode = FALSE
	EndGlobalSection
EndGlobal
